{
  "requires": true,
  "lockfileVersion": 1,
  "dependencies": {
    "@babel/runtime": {
      "version": "7.11.2",
      "resolved": "https://registry.npmjs.org/@babel/runtime/-/runtime-7.11.2.tgz",
      "integrity": "sha512-TeWkU52so0mPtDcaCTxNBI/IHiz0pZgr8VEFqXFtZWpYD08ZB6FaSwVAS8MKRQAP3bYKiVjwysOJgMFY28o6Tw==",
      "requires": {
        "regenerator-runtime": "^0.13.4"
      }
    },
    "@mui-treasury/components": {
      "version": "1.9.1",
      "resolved": "https://registry.npmjs.org/@mui-treasury/components/-/components-1.9.1.tgz",
      "integrity": "sha512-I7AE8VbYvMRZQqgi+n5pGA8VfYlV0AQGtOZEwViWRO9rOCwqSROtPqFTeZu6mV2JN9qJb8hXPwsSneZpbuHnIg==",
      "requires": {
        "@mui-treasury/styles": "^1.13.0",
        "@mui-treasury/utils": "^0.4.1",
        "use-deep-compare-effect": "^1.3.0"
      }
    },
    "@mui-treasury/styles": {
      "version": "1.13.0",
      "resolved": "https://registry.npmjs.org/@mui-treasury/styles/-/styles-1.13.0.tgz",
      "integrity": "sha512-5r1reUQgtFUE6jThvdnS7J7sjUI3RSzCudvyXfsxh0XCgzAvvNXMvZy/RCDBdVNa1gqw2QN37n5q3VwgKCQd6g==",
      "requires": {
        "@mui-treasury/utils": "^0.4.1",
        "color": "^3.1.2"
      }
    },
    "@mui-treasury/utils": {
      "version": "0.4.1",
      "resolved": "https://registry.npmjs.org/@mui-treasury/utils/-/utils-0.4.1.tgz",
      "integrity": "sha512-XcJOUrQodx2VCouk6uvYw+MChVGXPy1abe7PxqpxIGEr6s1QwV8HhgA4q/+eq0//IQ6oDXGlym4PSDO3Yh/lHA==",
      "requires": {
        "lodash.get": "^4.4.2",
        "lodash.isequal": "^4.5.0"
      }
    },
    "@types/prop-types": {
      "version": "15.7.3",
      "resolved": "https://registry.npmjs.org/@types/prop-types/-/prop-types-15.7.3.tgz",
      "integrity": "sha512-KfRL3PuHmqQLOG+2tGpRO26Ctg+Cq1E01D2DMriKEATHgWLfeNDmq9e29Q9WIky0dQ3NPkd1mzYH8Lm936Z9qw=="
    },
    "@types/react": {
      "version": "16.9.52",
      "resolved": "https://registry.npmjs.org/@types/react/-/react-16.9.52.tgz",
      "integrity": "sha512-EHRjmnxiNivwhGdMh9sz1Yw9AUxTSZFxKqdBWAAzyZx3sufWwx6ogqHYh/WB1m/I4ZpjkoZLExF5QTy2ekVi/Q==",
      "requires": {
        "@types/prop-types": "*",
        "csstype": "^3.0.2"
      }
    },
    "@types/use-deep-compare-effect": {
      "version": "1.2.0",
      "resolved": "https://registry.npmjs.org/@types/use-deep-compare-effect/-/use-deep-compare-effect-1.2.0.tgz",
      "integrity": "sha512-2uNqaSobMvUTGR7G72tUHDX+Kx341q25OuM0m2B6VID7eljIvYuDaFTKfmDnbvej67yEhCc35zA6dmIYriwOXA==",
      "requires": {
        "@types/react": "*"
      }
    },
    "color": {
      "version": "3.1.3",
      "resolved": "https://registry.npmjs.org/color/-/color-3.1.3.tgz",
      "integrity": "sha512-xgXAcTHa2HeFCGLE9Xs/R82hujGtu9Jd9x4NW3T34+OMs7VoPsjwzRczKHvTAHeJwWFwX5j15+MgAppE8ztObQ==",
      "requires": {
        "color-convert": "^1.9.1",
        "color-string": "^1.5.4"
      }
    },
    "color-convert": {
      "version": "1.9.3",
      "resolved": "https://registry.npmjs.org/color-convert/-/color-convert-1.9.3.tgz",
      "integrity": "sha512-QfAUtd+vFdAtFQcC8CCyYt1fYWxSqAiK2cSD6zDB8N3cpsEBAvRxp9zOGg6G/SHHJYAT88/az/IuDGALsNVbGg==",
      "requires": {
        "color-name": "1.1.3"
      }
    },
    "color-name": {
      "version": "1.1.3",
      "resolved": "https://registry.npmjs.org/color-name/-/color-name-1.1.3.tgz",
      "integrity": "sha1-p9BVi9icQveV3UIyj3QIMcpTvCU="
    },
    "color-string": {
      "version": "1.5.4",
      "resolved": "https://registry.npmjs.org/color-string/-/color-string-1.5.4.tgz",
      "integrity": "sha512-57yF5yt8Xa3czSEW1jfQDE79Idk0+AkN/4KWad6tbdxUmAs3MvjxlWSWD4deYytcRfoZ9nhKyFl1kj5tBvidbw==",
      "requires": {
        "color-name": "^1.0.0",
        "simple-swizzle": "^0.2.2"
      }
    },
    "csstype": {
      "version": "3.0.3",
      "resolved": "https://registry.npmjs.org/csstype/-/csstype-3.0.3.tgz",
      "integrity": "sha512-jPl+wbWPOWJ7SXsWyqGRk3lGecbar0Cb0OvZF/r/ZU011R4YqiRehgkQ9p4eQfo9DSDLqLL3wHwfxeJiuIsNag=="
    },
    "dequal": {
      "version": "2.0.2",
      "resolved": "https://registry.npmjs.org/dequal/-/dequal-2.0.2.tgz",
      "integrity": "sha512-q9K8BlJVxK7hQYqa6XISGmBZbtQQWVXSrRrWreHC94rMt1QL/Impruc+7p2CYSYuVIUr+YCt6hjrs1kkdJRTug=="
    },
    "is-arrayish": {
      "version": "0.3.2",
      "resolved": "https://registry.npmjs.org/is-arrayish/-/is-arrayish-0.3.2.tgz",
      "integrity": "sha512-eVRqCvVlZbuw3GrM63ovNSNAeA1K16kaR/LRY/92w0zxQ5/1YzwblUX652i4Xs9RwAGjW9d9y6X88t8OaAJfWQ=="
    },
    "lodash.get": {
      "version": "4.4.2",
      "resolved": "https://registry.npmjs.org/lodash.get/-/lodash.get-4.4.2.tgz",
      "integrity": "sha1-LRd/ZS+jHpObRDjVNBSZ36OCXpk="
    },
    "lodash.isequal": {
      "version": "4.5.0",
      "resolved": "https://registry.npmjs.org/lodash.isequal/-/lodash.isequal-4.5.0.tgz",
      "integrity": "sha1-QVxEePK8wwEgwizhDtMib30+GOA="
    },
    "regenerator-runtime": {
      "version": "0.13.7",
      "resolved": "https://registry.npmjs.org/regenerator-runtime/-/regenerator-runtime-0.13.7.tgz",
      "integrity": "sha512-a54FxoJDIr27pgf7IgeQGxmqUNYrcV338lf/6gH456HZ/PhX+5BcwHXG9ajESmwe6WRO0tAzRUrRmNONWgkrew=="
    },
    "simple-swizzle": {
      "version": "0.2.2",
      "resolved": "https://registry.npmjs.org/simple-swizzle/-/simple-swizzle-0.2.2.tgz",
      "integrity": "sha1-pNprY1/8zMoz9w0Xy5JZLeleVXo=",
      "requires": {
        "is-arrayish": "^0.3.1"
      }
    },
    "use-deep-compare-effect": {
      "version": "1.4.0",
      "resolved": "https://registry.npmjs.org/use-deep-compare-effect/-/use-deep-compare-effect-1.4.0.tgz",
      "integrity": "sha512-46rF7ULcRnxI4+1Zoul95+KB48hpn1MUH1aXEBMyU+Sh1KJDqrTAkwhnxQL6ydBAqu3gLebYylcr0zpVBzbxxQ==",
      "requires": {
        "@babel/runtime": "^7.11.2",
        "@types/use-deep-compare-effect": "^1.2.0",
        "dequal": "^2.0.2"
      }
    }
  }
}
